
Microsoft Visual Studio Solution File, Format Version 12.00
# Visual Studio Version 16
VisualStudioVersion = 16.0.29306.81
MinimumVisualStudioVersion = 10.0.40219.1
Project("{FAE04EC0-301F-11D3-BF4B-00C04F79EFBC}") = "GuildedRose", "GuildedRose\GuildedRose.csproj", "{DC7A2829-90C9-47DA-A24B-4D39371D35CF}"
EndProject
Project("{FAE04EC0-301F-11D3-BF4B-00C04F79EFBC}") = "GuildedRole.UnitTests", "GuildedRole.UnitTests\GuildedRole.UnitTests.csproj", "{F9BAB28A-8A0D-4157-A431-ED3CF32518E7}"
EndProject
Global
	GlobalSection(SolutionConfigurationPlatforms) = preSolution
		Debug|Any CPU = Debug|Any CPU
		Release|Any CPU = Release|Any CPU
	EndGlobalSection
	GlobalSection(ProjectConfigurationPlatforms) = postSolution
		{DC7A2829-90C9-47DA-A24B-4D39371D35CF}.Debug|Any CPU.ActiveCfg = Debug|Any CPU
		{DC7A2829-90C9-47DA-A24B-4D39371D35CF}.Debug|Any CPU.Build.0 = Debug|Any CPU
		{DC7A2829-90C9-47DA-A24B-4D39371D35CF}.Release|Any CPU.ActiveCfg = Release|Any CPU
		{DC7A2829-90C9-47DA-A24B-4D39371D35CF}.Release|Any CPU.Build.0 = Release|Any CPU
		{F9BAB28A-8A0D-4157-A431-ED3CF32518E7}.Debug|Any CPU.ActiveCfg = Debug|Any CPU
		{F9BAB28A-8A0D-4157-A431-ED3CF32518E7}.Debug|Any CPU.Build.0 = Debug|Any CPU
		{F9BAB28A-8A0D-4157-A431-ED3CF32518E7}.Release|Any CPU.ActiveCfg = Release|Any CPU
		{F9BAB28A-8A0D-4157-A431-ED3CF32518E7}.Release|Any CPU.Build.0 = Release|Any CPU
	EndGlobalSection
	GlobalSection(SolutionProperties) = preSolution
		HideSolutionNode = FALSE
	EndGlobalSection
	GlobalSection(ExtensibilityGlobals) = postSolution
		SolutionGuid = {485E919F-B85D-4A5E-8663-426B3A6064B6}
	EndGlobalSection
EndGlobal
